// !$*UTF8*$!
{
	archiveVersion = 1;
	classes = {
	};
	objectVersion = 46;
	objects = {

/* Begin PBXBuildFile section */
		957E35D41F281A16000EE8DC /* AppDelegate.swift in Sources */ = {isa = PBXBuildFile; fileRef = 957E35D31F281A16000EE8DC /* AppDelegate.swift */; };
		957E35D61F281A16000EE8DC /* ViewController.swift in Sources */ = {isa = PBXBuildFile; fileRef = 957E35D51F281A16000EE8DC /* ViewController.swift */; };
		957E35D91F281A16000EE8DC /* Main.storyboard in Resources */ = {isa = PBXBuildFile; fileRef = 957E35D71F281A16000EE8DC /* Main.storyboard */; };
		957E35DB1F281A16000EE8DC /* Assets.xcassets in Resources */ = {isa = PBXBuildFile; fileRef = 957E35DA1F281A16000EE8DC /* Assets.xcassets */; };
		957E35DE1F281A16000EE8DC /* LaunchScreen.storyboard in Resources */ = {isa = PBXBuildFile; fileRef = 957E35DC1F281A16000EE8DC /* LaunchScreen.storyboard */; };
		957E35E91F281A16000EE8DC /* _1_SettingThingsUpAppTests.swift in Sources */ = {isa = PBXBuildFile; fileRef = 957E35E81F281A16000EE8DC /* _1_SettingThingsUpAppTests.swift */; };
		957E35F41F281A16000EE8DC /* _1_SettingThingsUpAppUITests.swift in Sources */ = {isa = PBXBuildFile; fileRef = 957E35F31F281A16000EE8DC /* _1_SettingThingsUpAppUITests.swift */; };
/* End PBXBuildFile section */

/* Begin PBXContainerItemProxy section */
		957E35E51F281A16000EE8DC /* PBXContainerItemProxy */ = {
			isa = PBXContainerItemProxy;
			containerPortal = 957E35C81F281A16000EE8DC /* Project object */;
			proxyType = 1;
			remoteGlobalIDString = 957E35CF1F281A16000EE8DC;
			remoteInfo = 01_SettingThingsUpApp;
		};
		957E35F01F281A16000EE8DC /* PBXContainerItemProxy */ = {
			isa = PBXContainerItemProxy;
			containerPortal = 957E35C81F281A16000EE8DC /* Project object */;
			proxyType = 1;
			remoteGlobalIDString = 957E35CF1F281A16000EE8DC;
			remoteInfo = 01_SettingThingsUpApp;
		};
/* End PBXContainerItemProxy section */

/* Begin PBXFileReference section */
		957E35D01F281A16000EE8DC /* 01_SettingThingsUpApp.app */ = {isa = PBXFileReference; explicitFileType = wrapper.application; includeInIndex = 0; path = 01_SettingThingsUpApp.app; sourceTree = BUILT_PRODUCTS_DIR; };
		957E35D31F281A16000EE8DC /* AppDelegate.swift */ = {isa = PBXFileReference; lastKnownFileType = sourcecode.swift; path = AppDelegate.swift; sourceTree = "<group>"; };
		957E35D51F281A16000EE8DC /* ViewController.swift */ = {isa = PBXFileReference; lastKnownFileType = sourcecode.swift; path = ViewController.swift; sourceTree = "<group>"; };
		957E35D81F281A16000EE8DC /* Base */ = {isa = PBXFileReference; lastKnownFileType = file.storyboard; name = Base; path = Base.lproj/Main.storyboard; sourceTree = "<group>"; };
		957E35DA1F281A16000EE8DC /* Assets.xcassets */ = {isa = PBXFileReference; lastKnownFileType = folder.assetcatalog; path = Assets.xcassets; sourceTree = "<group>"; };
		957E35DD1F281A16000EE8DC /* Base */ = {isa = PBXFileReference; lastKnownFileType = file.storyboard; name = Base; path = Base.lproj/LaunchScreen.storyboard; sourceTree = "<group>"; };
		957E35DF1F281A16000EE8DC /* Info.plist */ = {isa = PBXFileReference; lastKnownFileType = text.plist.xml; path = Info.plist; sourceTree = "<group>"; };
		957E35E41F281A16000EE8DC /* 01_SettingThingsUpAppTests.xctest */ = {isa = PBXFileReference; explicitFileType = wrapper.cfbundle; includeInIndex = 0; path = 01_SettingThingsUpAppTests.xctest; sourceTree = BUILT_PRODUCTS_DIR; };
		957E35E81F281A16000EE8DC /* _1_SettingThingsUpAppTests.swift */ = {isa = PBXFileReference; lastKnownFileType = sourcecode.swift; path = _1_SettingThingsUpAppTests.swift; sourceTree = "<group>"; };
		957E35EA1F281A16000EE8DC /* Info.plist */ = {isa = PBXFileReference; lastKnownFileType = text.plist.xml; path = Info.plist; sourceTree = "<group>"; };
		957E35EF1F281A16000EE8DC /* 01_SettingThingsUpAppUITests.xctest */ = {isa = PBXFileReference; explicitFileType = wrapper.cfbundle; includeInIndex = 0; path = 01_SettingThingsUpAppUITests.xctest; sourceTree = BUILT_PRODUCTS_DIR; };
		957E35F31F281A16000EE8DC /* _1_SettingThingsUpAppUITests.swift */ = {isa = PBXFileReference; lastKnownFileType = sourcecode.swift; path = _1_SettingThingsUpAppUITests.swift; sourceTree = "<group>"; };
		957E35F51F281A16000EE8DC /* Info.plist */ = {isa = PBXFileReference; lastKnownFileType = text.plist.xml; path = Info.plist; sourceTree = "<group>"; };
/* End PBXFileReference section */

/* Begin PBXFrameworksBuildPhase section */
		957E35CD1F281A16000EE8DC /* Frameworks */ = {
			isa = PBXFrameworksBuildPhase;
			buildActionMask = 2147483647;
			files = (
			);
			runOnlyForDeploymentPostprocessing = 0;
		};
		957E35E11F281A16000EE8DC /* Frameworks */ = {
			isa = PBXFrameworksBuildPhase;
			buildActionMask = 2147483647;
			files = (
			);
			runOnlyForDeploymentPostprocessing = 0;
		};
		957E35EC1F281A16000EE8DC /* Frameworks */ = {
			isa = PBXFrameworksBuildPhase;
			buildActionMask = 2147483647;
			files = (
			);
			runOnlyForDeploymentPostprocessing = 0;
		};
/* End PBXFrameworksBuildPhase section */

/* Begin PBXGroup section */
		957E35C71F281A16000EE8DC = {
			isa = PBXGroup;
			children = (
				957E35D21F281A16000EE8DC /* 01_SettingThingsUpApp */,
				957E35E71F281A16000EE8DC /* 01_SettingThingsUpAppTests */,
				957E35F21F281A16000EE8DC /* 01_SettingThingsUpAppUITests */,
				957E35D11F281A16000EE8DC /* Products */,
			);
			sourceTree = "<group>";
		};
		957E35D11F281A16000EE8DC /* Products */ = {
			isa = PBXGroup;
			children = (
				957E35D01F281A16000EE8DC /* 01_SettingThingsUpApp.app */,
				957E35E41F281A16000EE8DC /* 01_SettingThingsUpAppTests.xctest */,
				957E35EF1F281A16000EE8DC /* 01_SettingThingsUpAppUITests.xctest */,
			);
			name = Products;
			sourceTree = "<group>";
		};
		957E35D21F281A16000EE8DC /* 01_SettingThingsUpApp */ = {
			isa = PBXGroup;
			children = (
				957E35D31F281A16000EE8DC /* AppDelegate.swift */,
				957E35D51F281A16000EE8DC /* ViewController.swift */,
				957E35D71F281A16000EE8DC /* Main.storyboard */,
				957E35DA1F281A16000EE8DC /* Assets.xcassets */,
				957E35DC1F281A16000EE8DC /* LaunchScreen.storyboard */,
				957E35DF1F281A16000EE8DC /* Info.plist */,
			);
			path = 01_SettingThingsUpApp;
			sourceTree = "<group>";
		};
		957E35E71F281A16000EE8DC /* 01_SettingThingsUpAppTests */ = {
			isa = PBXGroup;
			children = (
				957E35E81F281A16000EE8DC /* _1_SettingThingsUpAppTests.swift */,
				957E35EA1F281A16000EE8DC /* Info.plist */,
			);
			path = 01_SettingThingsUpAppTests;
			sourceTree = "<group>";
		};
		957E35F21F281A16000EE8DC /* 01_SettingThingsUpAppUITests */ = {
			isa = PBXGroup;
			children = (
				957E35F31F281A16000EE8DC /* _1_SettingThingsUpAppUITests.swift */,
				957E35F51F281A16000EE8DC /* Info.plist */,
			);
			path = 01_SettingThingsUpAppUITests;
			sourceTree = "<group>";
		};
/* End PBXGroup section */

/* Begin PBXNativeTarget section */
		957E35CF1F281A16000EE8DC /* 01_SettingThingsUpApp */ = {
			isa = PBXNativeTarget;
			buildConfigurationList = 957E35F81F281A16000EE8DC /* Build configuration list for PBXNativeTarget "01_SettingThingsUpApp" */;
			buildPhases = (
				957E35CC1F281A16000EE8DC /* Sources */,
				957E35CD1F281A16000EE8DC /* Frameworks */,
				957E35CE1F281A16000EE8DC /* Resources */,
			);
			buildRules = (
			);
			dependencies = (
			);
			name = 01_SettingThingsUpApp;
			productName = 01_SettingThingsUpApp;
			productReference = 957E35D01F281A16000EE8DC /* 01_SettingThingsUpApp.app */;
			productType = "com.apple.product-type.application";
		};
		957E35E31F281A16000EE8DC /* 01_SettingThingsUpAppTests */ = {
			isa = PBXNativeTarget;
			buildConfigurationList = 957E35FB1F281A16000EE8DC /* Build configuration list for PBXNativeTarget "01_SettingThingsUpAppTests" */;
			buildPhases = (
				957E35E01F281A16000EE8DC /* Sources */,
				957E35E11F281A16000EE8DC /* Frameworks */,
				957E35E21F281A16000EE8DC /* Resources */,
			);
			buildRules = (
			);
			dependencies = (
				957E35E61F281A16000EE8DC /* PBXTargetDependency */,
			);
			name = 01_SettingThingsUpAppTests;
			productName = 01_SettingThingsUpAppTests;
			productReference = 957E35E41F281A16000EE8DC /* 01_SettingThingsUpAppTests.xctest */;
			productType = "com.apple.product-type.bundle.unit-test";
		};
		957E35EE1F281A16000EE8DC /* 01_SettingThingsUpAppUITests */ = {
			isa = PBXNativeTarget;
			buildConfigurationList = 957E35FE1F281A16000EE8DC /* Build configuration list for PBXNativeTarget "01_SettingThingsUpAppUITests" */;
			buildPhases = (
				957E35EB1F281A16000EE8DC /* Sources */,
				957E35EC1F281A16000EE8DC /* Frameworks */,
				957E35ED1F281A16000EE8DC /* Resources */,
			);
			buildRules = (
			);
			dependencies = (
				957E35F11F281A16000EE8DC /* PBXTargetDependency */,
			);
			name = 01_SettingThingsUpAppUITests;
			productName = 01_SettingThingsUpAppUITests;
			productReference = 957E35EF1F281A16000EE8DC /* 01_SettingThingsUpAppUITests.xctest */;
			productType = "com.apple.product-type.bundle.ui-testing";
		};
/* End PBXNativeTarget section */

/* Begin PBXProject section */
		957E35C81F281A16000EE8DC /* Project object */ = {
			isa = PBXProject;
			attributes = {
				LastSwiftUpdateCheck = 0830;
				LastUpgradeCheck = 0830;
				ORGANIZATIONNAME = BananaCar;
				TargetAttributes = {
					957E35CF1F281A16000EE8DC = {
						CreatedOnToolsVersion = 8.3.3;
						DevelopmentTeam = RQSV46CUHY;
						ProvisioningStyle = Automatic;
					};
					957E35E31F281A16000EE8DC = {
						CreatedOnToolsVersion = 8.3.3;
						ProvisioningStyle = Automatic;
						TestTargetID = 957E35CF1F281A16000EE8DC;
					};
					957E35EE1F281A16000EE8DC = {
						CreatedOnToolsVersion = 8.3.3;
						ProvisioningStyle = Automatic;
						TestTargetID = 957E35CF1F281A16000EE8DC;
					};
				};
			};
			buildConfigurationList = 957E35CB1F281A16000EE8DC /* Build configuration list for PBXProject "01_SettingThingsUpApp" */;
			compatibilityVersion = "Xcode 3.2";
			developmentRegion = English;
			hasScannedForEncodings = 0;
			knownRegions = (
				en,
				Base,
			);
			mainGroup = 957E35C71F281A16000EE8DC;
			productRefGroup = 957E35D11F281A16000EE8DC /* Products */;
			projectDirPath = "";
			projectRoot = "";
			targets = (
				957E35CF1F281A16000EE8DC /* 01_SettingThingsUpApp */,
				957E35E31F281A16000EE8DC /* 01_SettingThingsUpAppTests */,
				957E35EE1F281A16000EE8DC /* 01_SettingThingsUpAppUITests */,
			);
		};
/* End PBXProject section */

/* Begin PBXResourcesBuildPhase section */
		957E35CE1F281A16000EE8DC /* Resources */ = {
			isa = PBXResourcesBuildPhase;
			buildActionMask = 2147483647;
			files = (
				957E35DE1F281A16000EE8DC /* LaunchScreen.storyboard in Resources */,
				957E35DB1F281A16000EE8DC /* Assets.xcassets in Resources */,
				957E35D91F281A16000EE8DC /* Main.storyboard in Resources */,
			);
			runOnlyForDeploymentPostprocessing = 0;
		};
		957E35E21F281A16000EE8DC /* Resources */ = {
			isa = PBXResourcesBuildPhase;
			buildActionMask = 2147483647;
			files = (
			);
			runOnlyForDeploymentPostprocessing = 0;
		};
		957E35ED1F281A16000EE8DC /* Resources */ = {
			isa = PBXResourcesBuildPhase;
			buildActionMask = 2147483647;
			files = (
			);
			runOnlyForDeploymentPostprocessing = 0;
		};
/* End PBXResourcesBuildPhase section */

/* Begin PBXSourcesBuildPhase section */
		957E35CC1F281A16000EE8DC /* Sources */ = {
			isa = PBXSourcesBuildPhase;
			buildActionMask = 2147483647;
			files = (
				957E35D61F281A16000EE8DC /* ViewController.swift in Sources */,
				957E35D41F281A16000EE8DC /* AppDelegate.swift in Sources */,
			);
			runOnlyForDeploymentPostprocessing = 0;
		};
		957E35E01F281A16000EE8DC /* Sources */ = {
			isa = PBXSourcesBuildPhase;
			buildActionMask = 2147483647;
			files = (
				957E35E91F281A16000EE8DC /* _1_SettingThingsUpAppTests.swift in Sources */,
			);
			runOnlyForDeploymentPostprocessing = 0;
		};
		957E35EB1F281A16000EE8DC /* Sources */ = {
			isa = PBXSourcesBuildPhase;
			buildActionMask = 2147483647;
			files = (
				957E35F41F281A16000EE8DC /* _1_SettingThingsUpAppUITests.swift in Sources */,
			);
			runOnlyForDeploymentPostprocessing = 0;
		};
/* End PBXSourcesBuildPhase section */

/* Begin PBXTargetDependency section */
		957E35E61F281A16000EE8DC /* PBXTargetDependency */ = {
			isa = PBXTargetDependency;
			target = 957E35CF1F281A16000EE8DC /* 01_SettingThingsUpApp */;
			targetProxy = 957E35E51F281A16000EE8DC /* PBXContainerItemProxy */;
		};
		957E35F11F281A16000EE8DC /* PBXTargetDependency */ = {
			isa = PBXTargetDependency;
			target = 957E35CF1F281A16000EE8DC /* 01_SettingThingsUpApp */;
			targetProxy = 957E35F01F281A16000EE8DC /* PBXContainerItemProxy */;
		};
/* End PBXTargetDependency section */

/* Begin PBXVariantGroup section */
		957E35D71F281A16000EE8DC /* Main.storyboard */ = {
			isa = PBXVariantGroup;
			children = (
				957E35D81F281A16000EE8DC /* Base */,
			);
			name = Main.storyboard;
			sourceTree = "<group>";
		};
		957E35DC1F281A16000EE8DC /* LaunchScreen.storyboard */ = {
			isa = PBXVariantGroup;
			children = (
				957E35DD1F281A16000EE8DC /* Base */,
			);
			name = LaunchScreen.storyboard;
			sourceTree = "<group>";
		};
/* End PBXVariantGroup section */

/* Begin XCBuildConfiguration section */
		957E35F61F281A16000EE8DC /* Debug */ = {
			isa = XCBuildConfiguration;
			buildSettings = {
				ALWAYS_SEARCH_USER_PATHS = NO;
				CLANG_ANALYZER_NONNULL = YES;
				CLANG_ANALYZER_NUMBER_OBJECT_CONVERSION = YES_AGGRESSIVE;
				CLANG_CXX_LANGUAGE_STANDARD = "gnu++0x";
				CLANG_CXX_LIBRARY = "libc++";
				CLANG_ENABLE_MODULES = YES;
				CLANG_ENABLE_OBJC_ARC = YES;
				CLANG_WARN_BOOL_CONVERSION = YES;
				CLANG_WARN_CONSTANT_CONVERSION = YES;
				CLANG_WARN_DIRECT_OBJC_ISA_USAGE = YES_ERROR;
				CLANG_WARN_DOCUMENTATION_COMMENTS = YES;
				CLANG_WARN_EMPTY_BODY = YES;
				CLANG_WARN_ENUM_CONVERSION = YES;
				CLANG_WARN_INFINITE_RECURSION = YES;
				CLANG_WARN_INT_CONVERSION = YES;
				CLANG_WARN_OBJC_ROOT_CLASS = YES_ERROR;
				CLANG_WARN_SUSPICIOUS_MOVE = YES;
				CLANG_WARN_UNREACHABLE_CODE = YES;
				CLANG_WARN__DUPLICATE_METHOD_MATCH = YES;
				"CODE_SIGN_IDENTITY[sdk=iphoneos*]" = "iPhone Developer";
				COPY_PHASE_STRIP = NO;
				DEBUG_INFORMATION_FORMAT = dwarf;
				ENABLE_STRICT_OBJC_MSGSEND = YES;
				ENABLE_TESTABILITY = YES;
				GCC_C_LANGUAGE_STANDARD = gnu99;
				GCC_DYNAMIC_NO_PIC = NO;
				GCC_NO_COMMON_BLOCKS = YES;
				GCC_OPTIMIZATION_LEVEL = 0;
				GCC_PREPROCESSOR_DEFINITIONS = (
					"DEBUG=1",
					"$(inherited)",
				);
				GCC_WARN_64_TO_32_BIT_CONVERSION = YES;
				GCC_WARN_ABOUT_RETURN_TYPE = YES_ERROR;
				GCC_WARN_UNDECLARED_SELECTOR = YES;
				GCC_WARN_UNINITIALIZED_AUTOS = YES_AGGRESSIVE;
				GCC_WARN_UNUSED_FUNCTION = YES;
				GCC_WARN_UNUSED_VARIABLE = YES;
				IPHONEOS_DEPLOYMENT_TARGET = 10.3;
				MTL_ENABLE_DEBUG_INFO = YES;
				ONLY_ACTIVE_ARCH = YES;
				SDKROOT = iphoneos;
				SWIFT_ACTIVE_COMPILATION_CONDITIONS = DEBUG;
				SWIFT_OPTIMIZATION_LEVEL = "-Onone";
				TARGETED_DEVICE_FAMILY = "1,2";
			};
			name = Debug;
		};
		957E35F71F281A16000EE8DC /* Release */ = {
			isa = XCBuildConfiguration;
			buildSettings = {
				ALWAYS_SEARCH_USER_PATHS = NO;
				CLANG_ANALYZER_NONNULL = YES;
				CLANG_ANALYZER_NUMBER_OBJECT_CONVERSION = YES_AGGRESSIVE;
				CLANG_CXX_LANGUAGE_STANDARD = "gnu++0x";
				CLANG_CXX_LIBRARY = "libc++";
				CLANG_ENABLE_MODULES = YES;
				CLANG_ENABLE_OBJC_ARC = YES;
				CLANG_WARN_BOOL_CONVERSION = YES;
				CLANG_WARN_CONSTANT_CONVERSION = YES;
				CLANG_WARN_DIRECT_OBJC_ISA_USAGE = YES_ERROR;
				CLANG_WARN_DOCUMENTATION_COMMENTS = YES;
				CLANG_WARN_EMPTY_BODY = YES;
				CLANG_WARN_ENUM_CONVERSION = YES;
				CLANG_WARN_INFINITE_RECURSION = YES;
				CLANG_WARN_INT_CONVERSION = YES;
				CLANG_WARN_OBJC_ROOT_CLASS = YES_ERROR;
				CLANG_WARN_SUSPICIOUS_MOVE = YES;
				CLANG_WARN_UNREACHABLE_CODE = YES;
				CLANG_WARN__DUPLICATE_METHOD_MATCH = YES;
				"CODE_SIGN_IDENTITY[sdk=iphoneos*]" = "iPhone Developer";
				COPY_PHASE_STRIP = NO;
				DEBUG_INFORMATION_FORMAT = "dwarf-with-dsym";
				ENABLE_NS_ASSERTIONS = NO;
				ENABLE_STRICT_OBJC_MSGSEND = YES;
				GCC_C_LANGUAGE_STANDARD = gnu99;
				GCC_NO_COMMON_BLOCKS = YES;
				GCC_WARN_64_TO_32_BIT_CONVERSION = YES;
				GCC_WARN_ABOUT_RETURN_TYPE = YES_ERROR;
				GCC_WARN_UNDECLARED_SELECTOR = YES;
				GCC_WARN_UNINITIALIZED_AUTOS = YES_AGGRESSIVE;
				GCC_WARN_UNUSED_FUNCTION = YES;
				GCC_WARN_UNUSED_VARIABLE = YES;
				IPHONEOS_DEPLOYMENT_TARGET = 10.3;
				MTL_ENABLE_DEBUG_INFO = NO;
				SDKROOT = iphoneos;
				SWIFT_OPTIMIZATION_LEVEL = "-Owholemodule";
				TARGETED_DEVICE_FAMILY = "1,2";
				VALIDATE_PRODUCT = YES;
			};
			name = Release;
		};
		957E35F91F281A16000EE8DC /* Debug */ = {
			isa = XCBuildConfiguration;
			buildSettings = {
				ASSETCATALOG_COMPILER_APPICON_NAME = AppIcon;
				DEVELOPMENT_TEAM = RQSV46CUHY;
				INFOPLIST_FILE = 01_SettingThingsUpApp/Info.plist;
				LD_RUNPATH_SEARCH_PATHS = "$(inherited) @executable_path/Frameworks";
				PRODUCT_BUNDLE_IDENTIFIER = "BananaCar.-1-SettingThingsUpApp";
				PRODUCT_NAME = "$(TARGET_NAME)";
				SWIFT_VERSION = 3.0;
			};
			name = Debug;
		};
		957E35FA1F281A16000EE8DC /* Release */ = {
			isa = XCBuildConfiguration;
			buildSettings = {
				ASSETCATALOG_COMPILER_APPICON_NAME = AppIcon;
				DEVELOPMENT_TEAM = RQSV46CUHY;
				INFOPLIST_FILE = 01_SettingThingsUpApp/Info.plist;
				LD_RUNPATH_SEARCH_PATHS = "$(inherited) @executable_path/Frameworks";
				PRODUCT_BUNDLE_IDENTIFIER = "BananaCar.-1-SettingThingsUpApp";
				PRODUCT_NAME = "$(TARGET_NAME)";
				SWIFT_VERSION = 3.0;
			};
			name = Release;
		};
		957E35FC1F281A16000EE8DC /* Debug */ = {
			isa = XCBuildConfiguration;
			buildSettings = {
				ALWAYS_EMBED_SWIFT_STANDARD_LIBRARIES = YES;
				BUNDLE_LOADER = "$(TEST_HOST)";
				INFOPLIST_FILE = 01_SettingThingsUpAppTests/Info.plist;
				LD_RUNPATH_SEARCH_PATHS = "$(inherited) @executable_path/Frameworks @loader_path/Frameworks";
				PRODUCT_BUNDLE_IDENTIFIER = "BananaCar.-1-SettingThingsUpAppTests";
				PRODUCT_NAME = "$(TARGET_NAME)";
				SWIFT_VERSION = 3.0;
				TEST_HOST = "$(BUILT_PRODUCTS_DIR)/01_SettingThingsUpApp.app/01_SettingThingsUpApp";
			};
			name = Debug;
		};
		957E35FD1F281A16000EE8DC /* Release */ = {
			isa = XCBuildConfiguration;
			buildSettings = {
				ALWAYS_EMBED_SWIFT_STANDARD_LIBRARIES = YES;
				BUNDLE_LOADER = "$(TEST_HOST)";
				INFOPLIST_FILE = 01_SettingThingsUpAppTests/Info.plist;
				LD_RUNPATH_SEARCH_PATHS = "$(inherited) @executable_path/Frameworks @loader_path/Frameworks";
				PRODUCT_BUNDLE_IDENTIFIER = "BananaCar.-1-SettingThingsUpAppTests";
				PRODUCT_NAME = "$(TARGET_NAME)";
				SWIFT_VERSION = 3.0;
				TEST_HOST = "$(BUILT_PRODUCTS_DIR)/01_SettingThingsUpApp.app/01_SettingThingsUpApp";
			};
			name = Release;
		};
		957E35FF1F281A16000EE8DC /* Debug */ = {
			isa = XCBuildConfiguration;
			buildSettings = {
				ALWAYS_EMBED_SWIFT_STANDARD_LIBRARIES = YES;
				INFOPLIST_FILE = 01_SettingThingsUpAppUITests/Info.plist;
				LD_RUNPATH_SEARCH_PATHS = "$(inherited) @executable_path/Frameworks @loader_path/Frameworks";
				PRODUCT_BUNDLE_IDENTIFIER = "BananaCar.-1-SettingThingsUpAppUITests";
				PRODUCT_NAME = "$(TARGET_NAME)";
				SWIFT_VERSION = 3.0;
				TEST_TARGET_NAME = 01_SettingThingsUpApp;
			};
			name = Debug;
		};
		957E36001F281A16000EE8DC /* Release */ = {
			isa = XCBuildConfiguration;
			buildSettings = {
				ALWAYS_EMBED_SWIFT_STANDARD_LIBRARIES = YES;
				INFOPLIST_FILE = 01_SettingThingsUpAppUITests/Info.plist;
				LD_RUNPATH_SEARCH_PATHS = "$(inherited) @executable_path/Frameworks @loader_path/Frameworks";
				PRODUCT_BUNDLE_IDENTIFIER = "BananaCar.-1-SettingThingsUpAppUITests";
				PRODUCT_NAME = "$(TARGET_NAME)";
				SWIFT_VERSION = 3.0;
				TEST_TARGET_NAME = 01_SettingThingsUpApp;
			};
			name = Release;
		};
/* End XCBuildConfiguration section */

/* Begin XCConfigurationList section */
		957E35CB1F281A16000EE8DC /* Build configuration list for PBXProject "01_SettingThingsUpApp" */ = {
			isa = XCConfigurationList;
			buildConfigurations = (
				957E35F61F281A16000EE8DC /* Debug */,
				957E35F71F281A16000EE8DC /* Release */,
			);
			defaultConfigurationIsVisible = 0;
			defaultConfigurationName = Release;
		};
		957E35F81F281A16000EE8DC /* Build configuration list for PBXNativeTarget "01_SettingThingsUpApp" */ = {
			isa = XCConfigurationList;
			buildConfigurations = (
				957E35F91F281A16000EE8DC /* Debug */,
				957E35FA1F281A16000EE8DC /* Release */,
			);
			defaultConfigurationIsVisible = 0;
		};
		957E35FB1F281A16000EE8DC /* Build configuration list for PBXNativeTarget "01_SettingThingsUpAppTests" */ = {
			isa = XCConfigurationList;
			buildConfigurations = (
				957E35FC1F281A16000EE8DC /* Debug */,
				957E35FD1F281A16000EE8DC /* Release */,
			);
			defaultConfigurationIsVisible = 0;
		};
		957E35FE1F281A16000EE8DC /* Build configuration list for PBXNativeTarget "01_SettingThingsUpAppUITests" */ = {
			isa = XCConfigurationList;
			buildConfigurations = (
				957E35FF1F281A16000EE8DC /* Debug */,
				957E36001F281A16000EE8DC /* Release */,
			);
			defaultConfigurationIsVisible = 0;
		};
/* End XCConfigurationList section */
	};
	rootObject = 957E35C81F281A16000EE8DC /* Project object */;
}
